
Microsoft Visual Studio Solution File, Format Version 12.00
# Visual Studio Version 17
VisualStudioVersion = 17.8.34316.72
MinimumVisualStudioVersion = 15.0.26124.0
Project("{2150E333-8FDC-42A3-9474-1A3956D46DE8}") = "src", "src", "{48962FEB-B321-424B-A372-7CCE7016F37A}"
EndProject
Project("{9A19103F-16F7-4668-BE54-9A1E7A4F7556}") = "Core", "src\Core\Core.csproj", "{CA2C6820-A233-4CED-BE34-F9B429A04015}"
EndProject
Project("{2150E333-8FDC-42A3-9474-1A3956D46DE8}") = "testharness", "testharness", "{A10145E8-00E3-4E1A-B96D-9A9EBDE4C727}"
EndProject
Project("{FAE04EC0-301F-11D3-BF4B-00C04F79EFBC}") = "Cli", "testharness\Cli\Cli.csproj", "{4A450D41-86A3-48B6-9F1A-78E6CB9BF769}"
EndProject
Global
	GlobalSection(SolutionConfigurationPlatforms) = preSolution
		Debug|Any CPU = Debug|Any CPU
		Debug|x64 = Debug|x64
		Debug|x86 = Debug|x86
		Release|Any CPU = Release|Any CPU
		Release|x64 = Release|x64
		Release|x86 = Release|x86
	EndGlobalSection
	GlobalSection(ProjectConfigurationPlatforms) = postSolution
		{CA2C6820-A233-4CED-BE34-F9B429A04015}.Debug|Any CPU.ActiveCfg = Debug|Any CPU
		{CA2C6820-A233-4CED-BE34-F9B429A04015}.Debug|Any CPU.Build.0 = Debug|Any CPU
		{CA2C6820-A233-4CED-BE34-F9B429A04015}.Debug|x64.ActiveCfg = Debug|Any CPU
		{CA2C6820-A233-4CED-BE34-F9B429A04015}.Debug|x64.Build.0 = Debug|Any CPU
		{CA2C6820-A233-4CED-BE34-F9B429A04015}.Debug|x86.ActiveCfg = Debug|Any CPU
		{CA2C6820-A233-4CED-BE34-F9B429A04015}.Debug|x86.Build.0 = Debug|Any CPU
		{CA2C6820-A233-4CED-BE34-F9B429A04015}.Release|Any CPU.ActiveCfg = Release|Any CPU
		{CA2C6820-A233-4CED-BE34-F9B429A04015}.Release|Any CPU.Build.0 = Release|Any CPU
		{CA2C6820-A233-4CED-BE34-F9B429A04015}.Release|x64.ActiveCfg = Release|Any CPU
		{CA2C6820-A233-4CED-BE34-F9B429A04015}.Release|x64.Build.0 = Release|Any CPU
		{CA2C6820-A233-4CED-BE34-F9B429A04015}.Release|x86.ActiveCfg = Release|Any CPU
		{CA2C6820-A233-4CED-BE34-F9B429A04015}.Release|x86.Build.0 = Release|Any CPU
		{4A450D41-86A3-48B6-9F1A-78E6CB9BF769}.Debug|Any CPU.ActiveCfg = Debug|Any CPU
		{4A450D41-86A3-48B6-9F1A-78E6CB9BF769}.Debug|Any CPU.Build.0 = Debug|Any CPU
		{4A450D41-86A3-48B6-9F1A-78E6CB9BF769}.Debug|x64.ActiveCfg = Debug|Any CPU
		{4A450D41-86A3-48B6-9F1A-78E6CB9BF769}.Debug|x64.Build.0 = Debug|Any CPU
		{4A450D41-86A3-48B6-9F1A-78E6CB9BF769}.Debug|x86.ActiveCfg = Debug|Any CPU
		{4A450D41-86A3-48B6-9F1A-78E6CB9BF769}.Debug|x86.Build.0 = Debug|Any CPU
		{4A450D41-86A3-48B6-9F1A-78E6CB9BF769}.Release|Any CPU.ActiveCfg = Release|Any CPU
		{4A450D41-86A3-48B6-9F1A-78E6CB9BF769}.Release|Any CPU.Build.0 = Release|Any CPU
		{4A450D41-86A3-48B6-9F1A-78E6CB9BF769}.Release|x64.ActiveCfg = Release|Any CPU
		{4A450D41-86A3-48B6-9F1A-78E6CB9BF769}.Release|x64.Build.0 = Release|Any CPU
		{4A450D41-86A3-48B6-9F1A-78E6CB9BF769}.Release|x86.ActiveCfg = Release|Any CPU
		{4A450D41-86A3-48B6-9F1A-78E6CB9BF769}.Release|x86.Build.0 = Release|Any CPU
	EndGlobalSection
	GlobalSection(SolutionProperties) = preSolution
		HideSolutionNode = FALSE
	EndGlobalSection
	GlobalSection(NestedProjects) = preSolution
		{CA2C6820-A233-4CED-BE34-F9B429A04015} = {48962FEB-B321-424B-A372-7CCE7016F37A}
		{4A450D41-86A3-48B6-9F1A-78E6CB9BF769} = {A10145E8-00E3-4E1A-B96D-9A9EBDE4C727}
	EndGlobalSection
	GlobalSection(ExtensibilityGlobals) = postSolution
		SolutionGuid = {D416024D-FB80-47B2-A0D9-29D9D21768CA}
	EndGlobalSection
EndGlobal
